{
  "name": "qwen-tutorial",
  "version": "1.0.0",
  "lockfileVersion": 3,
  "requires": true,
  "packages": {
    "": {
      "name": "qwen-tutorial",
      "version": "1.0.0",
      "license": "ISC",
      "dependencies": {
        "dotenv": "^17.1.0",
        "openai": "^5.8.3",
        "readline": "^1.3.0"
      }
    },
    "node_modules/dotenv": {
      "version": "17.1.0",
      "resolved": "https://registry.npmmirror.com/dotenv/-/dotenv-17.1.0.tgz",
      "integrity": "sha512-tG9VUTJTuju6GcXgbdsOuRhupE8cb4mRgY5JLRCh4MtGoVo3/gfGUtOMwmProM6d0ba2mCFvv+WrpYJV6qgJXQ==",
      "license": "BSD-2-Clause",
      "engines": {
        "node": ">=12"
      },
      "funding": {
        "url": "https://dotenvx.com"
      }
    },
    "node_modules/openai": {
      "version": "5.8.3",
      "resolved": "https://registry.npmmirror.com/openai/-/openai-5.8.3.tgz",
      "integrity": "sha512-IdotKmquCnpouTRvF9xRXVhMx6K5Sc8zkD6Usf+so+NTQ+qiJ8bLSCd7LBb8b/Rof7uYltlSxJhNp+spphKI4Q==",
      "license": "Apache-2.0",
      "bin": {
        "openai": "bin/cli"
      },
      "peerDependencies": {
        "ws": "^8.18.0",
        "zod": "^3.23.8"
      },
      "peerDependenciesMeta": {
        "ws": {
          "optional": true
        },
        "zod": {
          "optional": true
        }
      }
    },
    "node_modules/readline": {
      "version": "1.3.0",
      "resolved": "https://registry.npmmirror.com/readline/-/readline-1.3.0.tgz",
      "integrity": "sha512-k2d6ACCkiNYz222Fs/iNze30rRJ1iIicW7JuX/7/cozvih6YCkFZH+J6mAFDVgv0dRBaAyr4jDqC95R2y4IADg==",
      "license": "BSD"
    }
  }
}
